PODS:
  - AFNetworking (3.1.0):
    - AFNetworking/NSURLSession (= 3.1.0)
    - AFNetworking/Reachability (= 3.1.0)
    - AFNetworking/Security (= 3.1.0)
    - AFNetworking/Serialization (= 3.1.0)
    - AFNetworking/UIKit (= 3.1.0)
  - AFNetworking/NSURLSession (3.1.0):
    - AFNetworking/Reachability
    - AFNetworking/Security
    - AFNetworking/Serialization
  - AFNetworking/Reachability (3.1.0)
  - AFNetworking/Security (3.1.0)
  - AFNetworking/Serialization (3.1.0)
  - AFNetworking/UIKit (3.1.0):
    - AFNetworking/NSURLSession
  - Bolts (1.7.0):
    - Bolts/AppLinks (= 1.7.0)
    - Bolts/Tasks (= 1.7.0)
  - Bolts/AppLinks (1.7.0):
    - Bolts/Tasks
  - Bolts/Tasks (1.7.0)
  - DZNEmptyDataSet (1.8.1)
  - FBSDKCoreKit (4.12.0):
    - Bolts (~> 1.7)
  - FBSDKLoginKit (4.12.0):
    - FBSDKCoreKit
  - GoogleMaps (1.13.2)
  - Helpshift (5.3.0-support)
  - MapleBacon (2.0.8)
  - Mixpanel (2.9.9):
    - Mixpanel/Mixpanel (= 2.9.9)
  - Mixpanel/Mixpanel (2.9.9)
  - SplunkMint (5.0.0)
  - SwiftyJSON (2.3.2)

DEPENDENCIES:
  - AFNetworking (~> 3.0)
  - DZNEmptyDataSet
  - FBSDKCoreKit
  - FBSDKLoginKit
  - GoogleMaps
  - Helpshift (= 5.3.0-support)
  - MapleBacon
  - Mixpanel
  - SplunkMint
  - SwiftyJSON

SPEC CHECKSUMS:
  AFNetworking: 5e0e199f73d8626b11e79750991f5d173d1f8b67
  Bolts: a0058fa3b331c5a1e4402d534f2dae36dbff31e4
  DZNEmptyDataSet: 9525833b9e68ac21c30253e1d3d7076cc828eaa7
  FBSDKCoreKit: 6e56d5a2a64a755ad4efb5dbeee8f82fb1b99775
  FBSDKLoginKit: 03f68a8d48c2c8bb81d7eb8097973d483543e1f6
  GoogleMaps: b20a103ff307f58392e603cf142e59d7e30374c1
  Helpshift: 61e5fdaa58b391745c8ef94bd59ac3fc06b60dd4
  MapleBacon: 32e3590e1730485b93f450283ff242f9444efc12
  Mixpanel: 818d1940c2d9402453b349545022a86968097f57
  SplunkMint: c15f246dde46f488d90e13f0e13203070c0735b2
  SwiftyJSON: 04ccea08915aa0109039157c7974cf0298da292a

PODFILE CHECKSUM: 431b7ea6f0fd7737219e10e89a78ebb5d05d5cdb

COCOAPODS: 1.0.1
